Microsoft Visual Studio Solution File, Format Version 8.00
Project("{8BC9CEB8-8B4A-11D0-8D11-00A0C91BC942}") = "ng_game", "ng_game\ng_game.vcproj", "{6B32F2A6-68A1-4F2D-BC84-25F3E376FA95}"
	ProjectSection(ProjectDependencies) = postProject
	EndProjectSection
EndProject
Project("{8BC9CEB8-8B4A-11D0-8D11-00A0C91BC942}") = "ng_w32", "ng_w32\ng_w32.vcproj", "{BFDAF64E-ED3F-45D1-B305-92C0F07742D2}"
	ProjectSection(ProjectDependencies) = postProject
		{7FBD6E1D-3DA4-4B48-809B-601EA3A05DAE} = {7FBD6E1D-3DA4-4B48-809B-601EA3A05DAE}
		{686C9247-5C8D-42E1-B0C0-8DC63C85411C} = {686C9247-5C8D-42E1-B0C0-8DC63C85411C}
		{FD033E81-BF0C-4697-AAED-C90A20F5711B} = {FD033E81-BF0C-4697-AAED-C90A20F5711B}
		{9FD6A193-5F11-4515-BFBD-D6A0B1FEE14E} = {9FD6A193-5F11-4515-BFBD-D6A0B1FEE14E}
		{6B32F2A6-68A1-4F2D-BC84-25F3E376FA95} = {6B32F2A6-68A1-4F2D-BC84-25F3E376FA95}
		{96AC5FD4-D243-4CEE-9DF1-8E3220A34ABB} = {96AC5FD4-D243-4CEE-9DF1-8E3220A34ABB}
	EndProjectSection
EndProject
Project("{8BC9CEB8-8B4A-11D0-8D11-00A0C91BC942}") = "ng_d3d", "ng_d3d\ng_d3d.vcproj", "{686D9247-558D-42E1-B0B0-8DB63C85411C}"
	ProjectSection(ProjectDependencies) = postProject
	EndProjectSection
EndProject
Project("{8BC9CEB8-8B4A-11D0-8D11-00A0C91BC942}") = "zlib", "..\..\SDK\zlib-1.2.1\VisualC\zlib_dll.vcproj", "{96AC5FD4-D243-4CEE-9DF1-8E3220A34ABB}"
	ProjectSection(ProjectDependencies) = postProject
	EndProjectSection
EndProject
Project("{8BC9CEB8-8B4A-11D0-8D11-00A0C91BC942}") = "png", "..\..\SDK\lpng125\projects\msvc\png.vcproj", "{FD033E81-BF0C-4697-AAED-C90A20F5711B}"
	ProjectSection(ProjectDependencies) = postProject
		{96AC5FD4-D243-4CEE-9DF1-8E3220A34ABB} = {96AC5FD4-D243-4CEE-9DF1-8E3220A34ABB}
	EndProjectSection
EndProject
Project("{8BC9CEB8-8B4A-11D0-8D11-00A0C91BC942}") = "ng_glide", "ng_glide\ng_glide.vcproj", "{68DD9247-55DD-4DE1-BDB0-7DB63C8D411C}"
	ProjectSection(ProjectDependencies) = postProject
	EndProjectSection
EndProject
Project("{8BC9CEB8-8B4A-11D0-8D11-00A0C91BC942}") = "ng_opengl", "ng_opengl\ng_opengl.vcproj", "{686C9247-5C8D-42E1-B0C0-8DC63C85411C}"
	ProjectSection(ProjectDependencies) = postProject
	EndProjectSection
EndProject
Project("{8BC9CEB8-8B4A-11D0-8D11-00A0C91BC942}") = "ng_soft", "ng_soft\ng_soft.vcproj", "{68D79247-557D-4DE1-B7B0-7DB63C87411C}"
	ProjectSection(ProjectDependencies) = postProject
	EndProjectSection
EndProject
Project("{8BC9CEB8-8B4A-11D0-8D11-00A0C91BC942}") = "ogg_dynamic", "..\..\SDK\oggvorbis\win32\ogg_dynamic.vcproj", "{9FD6A193-5F11-4515-BFBD-D6A0B1FEE14E}"
	ProjectSection(ProjectDependencies) = postProject
	EndProjectSection
EndProject
Project("{8BC9CEB8-8B4A-11D0-8D11-00A0C91BC942}") = "vorbis_dynamic", "..\..\SDK\oggvorbis\win32\vorbis_dynamic.vcproj", "{7FBD6E1D-3DA4-4B48-809B-601EA3A05DAE}"
	ProjectSection(ProjectDependencies) = postProject
		{9FD6A193-5F11-4515-BFBD-D6A0B1FEE14E} = {9FD6A193-5F11-4515-BFBD-D6A0B1FEE14E}
	EndProjectSection
EndProject
Global
	GlobalSection(SolutionConfiguration) = preSolution
		Debug = Debug
		DLL = DLL
		DLL ASM = DLL ASM
		DLL Debug = DLL Debug
		DLL Debug ASM = DLL Debug ASM
		DLL VB = DLL VB
		LIB = LIB
		LIB Debug = LIB Debug
		Release = Release
	EndGlobalSection
	GlobalSection(ProjectConfiguration) = postSolution
		{6B32F2A6-68A1-4F2D-BC84-25F3E376FA95}.Debug.ActiveCfg = Debug|Win32
		{6B32F2A6-68A1-4F2D-BC84-25F3E376FA95}.Debug.Build.0 = Debug|Win32
		{6B32F2A6-68A1-4F2D-BC84-25F3E376FA95}.DLL.ActiveCfg = Debug|Win32
		{6B32F2A6-68A1-4F2D-BC84-25F3E376FA95}.DLL.Build.0 = Debug|Win32
		{6B32F2A6-68A1-4F2D-BC84-25F3E376FA95}.DLL ASM.ActiveCfg = Debug|Win32
		{6B32F2A6-68A1-4F2D-BC84-25F3E376FA95}.DLL ASM.Build.0 = Debug|Win32
		{6B32F2A6-68A1-4F2D-BC84-25F3E376FA95}.DLL Debug.ActiveCfg = Debug|Win32
		{6B32F2A6-68A1-4F2D-BC84-25F3E376FA95}.DLL Debug.Build.0 = Debug|Win32
		{6B32F2A6-68A1-4F2D-BC84-25F3E376FA95}.DLL Debug ASM.ActiveCfg = Debug|Win32
		{6B32F2A6-68A1-4F2D-BC84-25F3E376FA95}.DLL Debug ASM.Build.0 = Debug|Win32
		{6B32F2A6-68A1-4F2D-BC84-25F3E376FA95}.DLL VB.ActiveCfg = Debug|Win32
		{6B32F2A6-68A1-4F2D-BC84-25F3E376FA95}.DLL VB.Build.0 = Debug|Win32
		{6B32F2A6-68A1-4F2D-BC84-25F3E376FA95}.LIB.ActiveCfg = Debug|Win32
		{6B32F2A6-68A1-4F2D-BC84-25F3E376FA95}.LIB.Build.0 = Debug|Win32
		{6B32F2A6-68A1-4F2D-BC84-25F3E376FA95}.LIB Debug.ActiveCfg = Debug|Win32
		{6B32F2A6-68A1-4F2D-BC84-25F3E376FA95}.LIB Debug.Build.0 = Debug|Win32
		{6B32F2A6-68A1-4F2D-BC84-25F3E376FA95}.Release.ActiveCfg = Release|Win32
		{6B32F2A6-68A1-4F2D-BC84-25F3E376FA95}.Release.Build.0 = Release|Win32
		{BFDAF64E-ED3F-45D1-B305-92C0F07742D2}.Debug.ActiveCfg = Debug|Win32
		{BFDAF64E-ED3F-45D1-B305-92C0F07742D2}.Debug.Build.0 = Debug|Win32
		{BFDAF64E-ED3F-45D1-B305-92C0F07742D2}.DLL.ActiveCfg = Debug|Win32
		{BFDAF64E-ED3F-45D1-B305-92C0F07742D2}.DLL.Build.0 = Debug|Win32
		{BFDAF64E-ED3F-45D1-B305-92C0F07742D2}.DLL ASM.ActiveCfg = Debug|Win32
		{BFDAF64E-ED3F-45D1-B305-92C0F07742D2}.DLL ASM.Build.0 = Debug|Win32
		{BFDAF64E-ED3F-45D1-B305-92C0F07742D2}.DLL Debug.ActiveCfg = Debug|Win32
		{BFDAF64E-ED3F-45D1-B305-92C0F07742D2}.DLL Debug.Build.0 = Debug|Win32
		{BFDAF64E-ED3F-45D1-B305-92C0F07742D2}.DLL Debug ASM.ActiveCfg = Debug|Win32
		{BFDAF64E-ED3F-45D1-B305-92C0F07742D2}.DLL Debug ASM.Build.0 = Debug|Win32
		{BFDAF64E-ED3F-45D1-B305-92C0F07742D2}.DLL VB.ActiveCfg = Debug|Win32
		{BFDAF64E-ED3F-45D1-B305-92C0F07742D2}.DLL VB.Build.0 = Debug|Win32
		{BFDAF64E-ED3F-45D1-B305-92C0F07742D2}.LIB.ActiveCfg = Debug|Win32
		{BFDAF64E-ED3F-45D1-B305-92C0F07742D2}.LIB.Build.0 = Debug|Win32
		{BFDAF64E-ED3F-45D1-B305-92C0F07742D2}.LIB Debug.ActiveCfg = Debug|Win32
		{BFDAF64E-ED3F-45D1-B305-92C0F07742D2}.LIB Debug.Build.0 = Debug|Win32
		{BFDAF64E-ED3F-45D1-B305-92C0F07742D2}.Release.ActiveCfg = Release|Win32
		{BFDAF64E-ED3F-45D1-B305-92C0F07742D2}.Release.Build.0 = Release|Win32
		{686D9247-558D-42E1-B0B0-8DB63C85411C}.Debug.ActiveCfg = Debug|Win32
		{686D9247-558D-42E1-B0B0-8DB63C85411C}.Debug.Build.0 = Debug|Win32
		{686D9247-558D-42E1-B0B0-8DB63C85411C}.DLL.ActiveCfg = Debug|Win32
		{686D9247-558D-42E1-B0B0-8DB63C85411C}.DLL.Build.0 = Debug|Win32
		{686D9247-558D-42E1-B0B0-8DB63C85411C}.DLL ASM.ActiveCfg = Debug|Win32
		{686D9247-558D-42E1-B0B0-8DB63C85411C}.DLL ASM.Build.0 = Debug|Win32
		{686D9247-558D-42E1-B0B0-8DB63C85411C}.DLL Debug.ActiveCfg = Debug|Win32
		{686D9247-558D-42E1-B0B0-8DB63C85411C}.DLL Debug.Build.0 = Debug|Win32
		{686D9247-558D-42E1-B0B0-8DB63C85411C}.DLL Debug ASM.ActiveCfg = Debug|Win32
		{686D9247-558D-42E1-B0B0-8DB63C85411C}.DLL Debug ASM.Build.0 = Debug|Win32
		{686D9247-558D-42E1-B0B0-8DB63C85411C}.DLL VB.ActiveCfg = Debug|Win32
		{686D9247-558D-42E1-B0B0-8DB63C85411C}.DLL VB.Build.0 = Debug|Win32
		{686D9247-558D-42E1-B0B0-8DB63C85411C}.LIB.ActiveCfg = Debug|Win32
		{686D9247-558D-42E1-B0B0-8DB63C85411C}.LIB.Build.0 = Debug|Win32
		{686D9247-558D-42E1-B0B0-8DB63C85411C}.LIB Debug.ActiveCfg = Debug|Win32
		{686D9247-558D-42E1-B0B0-8DB63C85411C}.LIB Debug.Build.0 = Debug|Win32
		{686D9247-558D-42E1-B0B0-8DB63C85411C}.Release.ActiveCfg = Release|Win32
		{686D9247-558D-42E1-B0B0-8DB63C85411C}.Release.Build.0 = Release|Win32
		{96AC5FD4-D243-4CEE-9DF1-8E3220A34ABB}.Debug.ActiveCfg = Debug|Win32
		{96AC5FD4-D243-4CEE-9DF1-8E3220A34ABB}.Debug.Build.0 = Debug|Win32
		{96AC5FD4-D243-4CEE-9DF1-8E3220A34ABB}.DLL.ActiveCfg = Debug|Win32
		{96AC5FD4-D243-4CEE-9DF1-8E3220A34ABB}.DLL.Build.0 = Debug|Win32
		{96AC5FD4-D243-4CEE-9DF1-8E3220A34ABB}.DLL ASM.ActiveCfg = Debug|Win32
		{96AC5FD4-D243-4CEE-9DF1-8E3220A34ABB}.DLL ASM.Build.0 = Debug|Win32
		{96AC5FD4-D243-4CEE-9DF1-8E3220A34ABB}.DLL Debug.ActiveCfg = Debug|Win32
		{96AC5FD4-D243-4CEE-9DF1-8E3220A34ABB}.DLL Debug.Build.0 = Debug|Win32
		{96AC5FD4-D243-4CEE-9DF1-8E3220A34ABB}.DLL Debug ASM.ActiveCfg = Debug|Win32
		{96AC5FD4-D243-4CEE-9DF1-8E3220A34ABB}.DLL Debug ASM.Build.0 = Debug|Win32
		{96AC5FD4-D243-4CEE-9DF1-8E3220A34ABB}.DLL VB.ActiveCfg = Debug|Win32
		{96AC5FD4-D243-4CEE-9DF1-8E3220A34ABB}.DLL VB.Build.0 = Debug|Win32
		{96AC5FD4-D243-4CEE-9DF1-8E3220A34ABB}.LIB.ActiveCfg = Debug|Win32
		{96AC5FD4-D243-4CEE-9DF1-8E3220A34ABB}.LIB.Build.0 = Debug|Win32
		{96AC5FD4-D243-4CEE-9DF1-8E3220A34ABB}.LIB Debug.ActiveCfg = Debug|Win32
		{96AC5FD4-D243-4CEE-9DF1-8E3220A34ABB}.LIB Debug.Build.0 = Debug|Win32
		{96AC5FD4-D243-4CEE-9DF1-8E3220A34ABB}.Release.ActiveCfg = Release|Win32
		{96AC5FD4-D243-4CEE-9DF1-8E3220A34ABB}.Release.Build.0 = Release|Win32
		{FD033E81-BF0C-4697-AAED-C90A20F5711B}.Debug.ActiveCfg = Debug|Win32
		{FD033E81-BF0C-4697-AAED-C90A20F5711B}.Debug.Build.0 = Debug|Win32
		{FD033E81-BF0C-4697-AAED-C90A20F5711B}.DLL.ActiveCfg = Debug|Win32
		{FD033E81-BF0C-4697-AAED-C90A20F5711B}.DLL.Build.0 = Debug|Win32
		{FD033E81-BF0C-4697-AAED-C90A20F5711B}.DLL ASM.ActiveCfg = Debug|Win32
		{FD033E81-BF0C-4697-AAED-C90A20F5711B}.DLL ASM.Build.0 = Debug|Win32
		{FD033E81-BF0C-4697-AAED-C90A20F5711B}.DLL Debug.ActiveCfg = Debug|Win32
		{FD033E81-BF0C-4697-AAED-C90A20F5711B}.DLL Debug.Build.0 = Debug|Win32
		{FD033E81-BF0C-4697-AAED-C90A20F5711B}.DLL Debug ASM.ActiveCfg = Debug|Win32
		{FD033E81-BF0C-4697-AAED-C90A20F5711B}.DLL Debug ASM.Build.0 = Debug|Win32
		{FD033E81-BF0C-4697-AAED-C90A20F5711B}.DLL VB.ActiveCfg = Debug|Win32
		{FD033E81-BF0C-4697-AAED-C90A20F5711B}.DLL VB.Build.0 = Debug|Win32
		{FD033E81-BF0C-4697-AAED-C90A20F5711B}.LIB.ActiveCfg = Release|Win32
		{FD033E81-BF0C-4697-AAED-C90A20F5711B}.LIB.Build.0 = Release|Win32
		{FD033E81-BF0C-4697-AAED-C90A20F5711B}.LIB Debug.ActiveCfg = Debug|Win32
		{FD033E81-BF0C-4697-AAED-C90A20F5711B}.LIB Debug.Build.0 = Debug|Win32
		{FD033E81-BF0C-4697-AAED-C90A20F5711B}.Release.ActiveCfg = Release|Win32
		{FD033E81-BF0C-4697-AAED-C90A20F5711B}.Release.Build.0 = Release|Win32
		{68DD9247-55DD-4DE1-BDB0-7DB63C8D411C}.Debug.ActiveCfg = Debug|Win32
		{68DD9247-55DD-4DE1-BDB0-7DB63C8D411C}.Debug.Build.0 = Debug|Win32
		{68DD9247-55DD-4DE1-BDB0-7DB63C8D411C}.DLL.ActiveCfg = Debug|Win32
		{68DD9247-55DD-4DE1-BDB0-7DB63C8D411C}.DLL.Build.0 = Debug|Win32
		{68DD9247-55DD-4DE1-BDB0-7DB63C8D411C}.DLL ASM.ActiveCfg = Debug|Win32
		{68DD9247-55DD-4DE1-BDB0-7DB63C8D411C}.DLL ASM.Build.0 = Debug|Win32
		{68DD9247-55DD-4DE1-BDB0-7DB63C8D411C}.DLL Debug.ActiveCfg = Debug|Win32
		{68DD9247-55DD-4DE1-BDB0-7DB63C8D411C}.DLL Debug.Build.0 = Debug|Win32
		{68DD9247-55DD-4DE1-BDB0-7DB63C8D411C}.DLL Debug ASM.ActiveCfg = Debug|Win32
		{68DD9247-55DD-4DE1-BDB0-7DB63C8D411C}.DLL Debug ASM.Build.0 = Debug|Win32
		{68DD9247-55DD-4DE1-BDB0-7DB63C8D411C}.DLL VB.ActiveCfg = Debug|Win32
		{68DD9247-55DD-4DE1-BDB0-7DB63C8D411C}.DLL VB.Build.0 = Debug|Win32
		{68DD9247-55DD-4DE1-BDB0-7DB63C8D411C}.LIB.ActiveCfg = Debug|Win32
		{68DD9247-55DD-4DE1-BDB0-7DB63C8D411C}.LIB.Build.0 = Debug|Win32
		{68DD9247-55DD-4DE1-BDB0-7DB63C8D411C}.LIB Debug.ActiveCfg = Debug|Win32
		{68DD9247-55DD-4DE1-BDB0-7DB63C8D411C}.LIB Debug.Build.0 = Debug|Win32
		{68DD9247-55DD-4DE1-BDB0-7DB63C8D411C}.Release.ActiveCfg = Release|Win32
		{68DD9247-55DD-4DE1-BDB0-7DB63C8D411C}.Release.Build.0 = Release|Win32
		{686C9247-5C8D-42E1-B0C0-8DC63C85411C}.Debug.ActiveCfg = Debug|Win32
		{686C9247-5C8D-42E1-B0C0-8DC63C85411C}.Debug.Build.0 = Debug|Win32
		{686C9247-5C8D-42E1-B0C0-8DC63C85411C}.DLL.ActiveCfg = Debug|Win32
		{686C9247-5C8D-42E1-B0C0-8DC63C85411C}.DLL.Build.0 = Debug|Win32
		{686C9247-5C8D-42E1-B0C0-8DC63C85411C}.DLL ASM.ActiveCfg = Debug|Win32
		{686C9247-5C8D-42E1-B0C0-8DC63C85411C}.DLL ASM.Build.0 = Debug|Win32
		{686C9247-5C8D-42E1-B0C0-8DC63C85411C}.DLL Debug.ActiveCfg = Debug|Win32
		{686C9247-5C8D-42E1-B0C0-8DC63C85411C}.DLL Debug.Build.0 = Debug|Win32
		{686C9247-5C8D-42E1-B0C0-8DC63C85411C}.DLL Debug ASM.ActiveCfg = Debug|Win32
		{686C9247-5C8D-42E1-B0C0-8DC63C85411C}.DLL Debug ASM.Build.0 = Debug|Win32
		{686C9247-5C8D-42E1-B0C0-8DC63C85411C}.DLL VB.ActiveCfg = Debug|Win32
		{686C9247-5C8D-42E1-B0C0-8DC63C85411C}.DLL VB.Build.0 = Debug|Win32
		{686C9247-5C8D-42E1-B0C0-8DC63C85411C}.LIB.ActiveCfg = Debug|Win32
		{686C9247-5C8D-42E1-B0C0-8DC63C85411C}.LIB.Build.0 = Debug|Win32
		{686C9247-5C8D-42E1-B0C0-8DC63C85411C}.LIB Debug.ActiveCfg = Debug|Win32
		{686C9247-5C8D-42E1-B0C0-8DC63C85411C}.LIB Debug.Build.0 = Debug|Win32
		{686C9247-5C8D-42E1-B0C0-8DC63C85411C}.Release.ActiveCfg = Release|Win32
		{686C9247-5C8D-42E1-B0C0-8DC63C85411C}.Release.Build.0 = Release|Win32
		{68D79247-557D-4DE1-B7B0-7DB63C87411C}.Debug.ActiveCfg = Debug|Win32
		{68D79247-557D-4DE1-B7B0-7DB63C87411C}.Debug.Build.0 = Debug|Win32
		{68D79247-557D-4DE1-B7B0-7DB63C87411C}.DLL.ActiveCfg = Debug|Win32
		{68D79247-557D-4DE1-B7B0-7DB63C87411C}.DLL.Build.0 = Debug|Win32
		{68D79247-557D-4DE1-B7B0-7DB63C87411C}.DLL ASM.ActiveCfg = Debug|Win32
		{68D79247-557D-4DE1-B7B0-7DB63C87411C}.DLL ASM.Build.0 = Debug|Win32
		{68D79247-557D-4DE1-B7B0-7DB63C87411C}.DLL Debug.ActiveCfg = Debug|Win32
		{68D79247-557D-4DE1-B7B0-7DB63C87411C}.DLL Debug.Build.0 = Debug|Win32
		{68D79247-557D-4DE1-B7B0-7DB63C87411C}.DLL Debug ASM.ActiveCfg = Debug|Win32
		{68D79247-557D-4DE1-B7B0-7DB63C87411C}.DLL Debug ASM.Build.0 = Debug|Win32
		{68D79247-557D-4DE1-B7B0-7DB63C87411C}.DLL VB.ActiveCfg = Debug|Win32
		{68D79247-557D-4DE1-B7B0-7DB63C87411C}.DLL VB.Build.0 = Debug|Win32
		{68D79247-557D-4DE1-B7B0-7DB63C87411C}.LIB.ActiveCfg = Debug|Win32
		{68D79247-557D-4DE1-B7B0-7DB63C87411C}.LIB.Build.0 = Debug|Win32
		{68D79247-557D-4DE1-B7B0-7DB63C87411C}.LIB Debug.ActiveCfg = Debug|Win32
		{68D79247-557D-4DE1-B7B0-7DB63C87411C}.LIB Debug.Build.0 = Debug|Win32
		{68D79247-557D-4DE1-B7B0-7DB63C87411C}.Release.ActiveCfg = Release|Win32
		{68D79247-557D-4DE1-B7B0-7DB63C87411C}.Release.Build.0 = Release|Win32
		{9FD6A193-5F11-4515-BFBD-D6A0B1FEE14E}.Debug.ActiveCfg = Debug|Win32
		{9FD6A193-5F11-4515-BFBD-D6A0B1FEE14E}.Debug.Build.0 = Debug|Win32
		{9FD6A193-5F11-4515-BFBD-D6A0B1FEE14E}.DLL.ActiveCfg = Debug|Win32
		{9FD6A193-5F11-4515-BFBD-D6A0B1FEE14E}.DLL.Build.0 = Debug|Win32
		{9FD6A193-5F11-4515-BFBD-D6A0B1FEE14E}.DLL ASM.ActiveCfg = Debug|Win32
		{9FD6A193-5F11-4515-BFBD-D6A0B1FEE14E}.DLL ASM.Build.0 = Debug|Win32
		{9FD6A193-5F11-4515-BFBD-D6A0B1FEE14E}.DLL Debug.ActiveCfg = Debug|Win32
		{9FD6A193-5F11-4515-BFBD-D6A0B1FEE14E}.DLL Debug.Build.0 = Debug|Win32
		{9FD6A193-5F11-4515-BFBD-D6A0B1FEE14E}.DLL Debug ASM.ActiveCfg = Debug|Win32
		{9FD6A193-5F11-4515-BFBD-D6A0B1FEE14E}.DLL Debug ASM.Build.0 = Debug|Win32
		{9FD6A193-5F11-4515-BFBD-D6A0B1FEE14E}.DLL VB.ActiveCfg = Debug|Win32
		{9FD6A193-5F11-4515-BFBD-D6A0B1FEE14E}.DLL VB.Build.0 = Debug|Win32
		{9FD6A193-5F11-4515-BFBD-D6A0B1FEE14E}.LIB.ActiveCfg = Release|Win32
		{9FD6A193-5F11-4515-BFBD-D6A0B1FEE14E}.LIB.Build.0 = Release|Win32
		{9FD6A193-5F11-4515-BFBD-D6A0B1FEE14E}.LIB Debug.ActiveCfg = Debug|Win32
		{9FD6A193-5F11-4515-BFBD-D6A0B1FEE14E}.LIB Debug.Build.0 = Debug|Win32
		{9FD6A193-5F11-4515-BFBD-D6A0B1FEE14E}.Release.ActiveCfg = Release|Win32
		{9FD6A193-5F11-4515-BFBD-D6A0B1FEE14E}.Release.Build.0 = Release|Win32
		{7FBD6E1D-3DA4-4B48-809B-601EA3A05DAE}.Debug.ActiveCfg = Debug|Win32
		{7FBD6E1D-3DA4-4B48-809B-601EA3A05DAE}.Debug.Build.0 = Debug|Win32
		{7FBD6E1D-3DA4-4B48-809B-601EA3A05DAE}.DLL.ActiveCfg = Debug|Win32
		{7FBD6E1D-3DA4-4B48-809B-601EA3A05DAE}.DLL.Build.0 = Debug|Win32
		{7FBD6E1D-3DA4-4B48-809B-601EA3A05DAE}.DLL ASM.ActiveCfg = Debug|Win32
		{7FBD6E1D-3DA4-4B48-809B-601EA3A05DAE}.DLL ASM.Build.0 = Debug|Win32
		{7FBD6E1D-3DA4-4B48-809B-601EA3A05DAE}.DLL Debug.ActiveCfg = Debug|Win32
		{7FBD6E1D-3DA4-4B48-809B-601EA3A05DAE}.DLL Debug.Build.0 = Debug|Win32
		{7FBD6E1D-3DA4-4B48-809B-601EA3A05DAE}.DLL Debug ASM.ActiveCfg = Debug|Win32
		{7FBD6E1D-3DA4-4B48-809B-601EA3A05DAE}.DLL Debug ASM.Build.0 = Debug|Win32
		{7FBD6E1D-3DA4-4B48-809B-601EA3A05DAE}.DLL VB.ActiveCfg = Debug|Win32
		{7FBD6E1D-3DA4-4B48-809B-601EA3A05DAE}.DLL VB.Build.0 = Debug|Win32
		{7FBD6E1D-3DA4-4B48-809B-601EA3A05DAE}.LIB.ActiveCfg = Release|Win32
		{7FBD6E1D-3DA4-4B48-809B-601EA3A05DAE}.LIB.Build.0 = Release|Win32
		{7FBD6E1D-3DA4-4B48-809B-601EA3A05DAE}.LIB Debug.ActiveCfg = Debug|Win32
		{7FBD6E1D-3DA4-4B48-809B-601EA3A05DAE}.LIB Debug.Build.0 = Debug|Win32
		{7FBD6E1D-3DA4-4B48-809B-601EA3A05DAE}.Release.ActiveCfg = Release|Win32
		{7FBD6E1D-3DA4-4B48-809B-601EA3A05DAE}.Release.Build.0 = Release|Win32
	EndGlobalSection
	GlobalSection(ExtensibilityGlobals) = postSolution
	EndGlobalSection
	GlobalSection(ExtensibilityAddIns) = postSolution
	EndGlobalSection
EndGlobal
